// !$*UTF8*$!
{
	archiveVersion = 1;
	classes = {
	};
	objectVersion = 52;
	objects = {

/* Begin PBXBuildFile section */
		0F5C596EF4586000E6824C8D /* EpisodeListView.swift in Sources */ = {isa = PBXBuildFile; fileRef = 4788ED487AE7C08A8FD0B21C /* EpisodeListView.swift */; };
		27DC46E442D24513F858094C /* CharacterDetailsViewController.storyboard in Resources */ = {isa = PBXBuildFile; fileRef = 17808CF276CE7DEF455BD558 /* CharacterDetailsViewController.storyboard */; };
		2DA7415C7CC74ACB4A8B7BAA /* CharacterListModuleAssembly.swift in Sources */ = {isa = PBXBuildFile; fileRef = 69F17EC1757D217B9EDE6525 /* CharacterListModuleAssembly.swift */; };
		33061DF5D4C6B9FFD24A0F20 /* CharacterListViewController.storyboard in Resources */ = {isa = PBXBuildFile; fileRef = 113B93C54E5D270098725E22 /* CharacterListViewController.storyboard */; };
		3DEF61B39B9E1C2CFE087568 /* CharacterListViewController.swift in Sources */ = {isa = PBXBuildFile; fileRef = 03A9B19C730681ACFBDB2CFA /* CharacterListViewController.swift */; };
		43205CB98EA71C2B061E6713 /* CharacterDetailsViewModel.swift in Sources */ = {isa = PBXBuildFile; fileRef = 2970742F96A82567E687B557 /* CharacterDetailsViewModel.swift */; };
		472F208D890CB8E768EC55B3 /* CharacterDetailsViewController.swift in Sources */ = {isa = PBXBuildFile; fileRef = EB928BE9EAF1E5EE2FD86C46 /* CharacterDetailsViewController.swift */; };
		563564DB262D45760048B546 /* AppDelegate.swift in Sources */ = {isa = PBXBuildFile; fileRef = 563564DA262D45760048B546 /* AppDelegate.swift */; };
		563564E4262D45770048B546 /* Assets.xcassets in Resources */ = {isa = PBXBuildFile; fileRef = 563564E3262D45770048B546 /* Assets.xcassets */; };
		563564E7262D45770048B546 /* LaunchScreen.storyboard in Resources */ = {isa = PBXBuildFile; fileRef = 563564E5262D45770048B546 /* LaunchScreen.storyboard */; };
		56356512262D463B0048B546 /* Alamofire in Frameworks */ = {isa = PBXBuildFile; productRef = 56356511262D463B0048B546 /* Alamofire */; };
		56356518262D46950048B546 /* Kingfisher in Frameworks */ = {isa = PBXBuildFile; productRef = 56356517262D46950048B546 /* Kingfisher */; };
		5635651E262D46B10048B546 /* Swinject in Frameworks */ = {isa = PBXBuildFile; productRef = 5635651D262D46B10048B546 /* Swinject */; };
		5635653A262D4C160048B546 /* BaseCoordinator.swift in Sources */ = {isa = PBXBuildFile; fileRef = 56356535262D4C160048B546 /* BaseCoordinator.swift */; };
		5635653B262D4C160048B546 /* Container+BaseViewControllerResolving.swift in Sources */ = {isa = PBXBuildFile; fileRef = 56356536262D4C160048B546 /* Container+BaseViewControllerResolving.swift */; };
		5635653C262D4C160048B546 /* ApplicationAssembley.swift in Sources */ = {isa = PBXBuildFile; fileRef = 56356537262D4C160048B546 /* ApplicationAssembley.swift */; };
		5635653D262D4C160048B546 /* Coordinator.swift in Sources */ = {isa = PBXBuildFile; fileRef = 56356538262D4C160048B546 /* Coordinator.swift */; };
		5635653E262D4C160048B546 /* ModuleFactory.swift in Sources */ = {isa = PBXBuildFile; fileRef = 56356539262D4C160048B546 /* ModuleFactory.swift */; };
		5635654E262D54F90048B546 /* NSObject+className.swift in Sources */ = {isa = PBXBuildFile; fileRef = 5635654C262D54F90048B546 /* NSObject+className.swift */; };
		5635654F262D54F90048B546 /* UIViewController+StoryboardInitable.swift in Sources */ = {isa = PBXBuildFile; fileRef = 5635654D262D54F90048B546 /* UIViewController+StoryboardInitable.swift */; };
		56356573262D5EB30048B546 /* Character.swift in Sources */ = {isa = PBXBuildFile; fileRef = 56356572262D5EB30048B546 /* Character.swift */; };
		56356578262D60590048B546 /* CharacterEndpoint.swift in Sources */ = {isa = PBXBuildFile; fileRef = 56356577262D60590048B546 /* CharacterEndpoint.swift */; };
		5635657D262D60B40048B546 /* CharacterAPIClient.swift in Sources */ = {isa = PBXBuildFile; fileRef = 5635657C262D60B40048B546 /* CharacterAPIClient.swift */; };
		56356586262D61730048B546 /* APIConfiguration.swift in Sources */ = {isa = PBXBuildFile; fileRef = 56356585262D61730048B546 /* APIConfiguration.swift */; };
		5635658B262D61CA0048B546 /* Constants.swift in Sources */ = {isa = PBXBuildFile; fileRef = 5635658A262D61CA0048B546 /* Constants.swift */; };
		5635659A262D65620048B546 /* ConfigurableRow.swift in Sources */ = {isa = PBXBuildFile; fileRef = 56356599262D65620048B546 /* ConfigurableRow.swift */; };
		5635659E262D65A90048B546 /* CharacterTableViewCell.swift in Sources */ = {isa = PBXBuildFile; fileRef = 5635659C262D65A90048B546 /* CharacterTableViewCell.swift */; };
		5635659F262D65A90048B546 /* CharacterTableViewCell.xib in Resources */ = {isa = PBXBuildFile; fileRef = 5635659D262D65A90048B546 /* CharacterTableViewCell.xib */; };
		563565A2262D6A490048B546 /* CharacteCellModel.swift in Sources */ = {isa = PBXBuildFile; fileRef = 563565A1262D6A490048B546 /* CharacteCellModel.swift */; };
		563565A5262D78F80048B546 /* CharacterTableViewDataSource.swift in Sources */ = {isa = PBXBuildFile; fileRef = 563565A4262D78F80048B546 /* CharacterTableViewDataSource.swift */; };
		563565AC262D81370048B546 /* CharacterSectionModel.swift in Sources */ = {isa = PBXBuildFile; fileRef = 563565AB262D81370048B546 /* CharacterSectionModel.swift */; };
		563D6FE2263809DD004DC32C /* Location.swift in Sources */ = {isa = PBXBuildFile; fileRef = 563D6FE1263809DD004DC32C /* Location.swift */; };
		563D6FE626380B6F004DC32C /* String+getCharacterIdFromUrl.swift in Sources */ = {isa = PBXBuildFile; fileRef = 563D6FE526380B6F004DC32C /* String+getCharacterIdFromUrl.swift */; };
		56DBE3822632BED400449E4E /* HeadCharacterDetailsModel.swift in Sources */ = {isa = PBXBuildFile; fileRef = 56DBE3812632BED400449E4E /* HeadCharacterDetailsModel.swift */; };
		56DBE3852632BEF100449E4E /* LocationCharacterDetailsModel.swift in Sources */ = {isa = PBXBuildFile; fileRef = 56DBE3842632BEF100449E4E /* LocationCharacterDetailsModel.swift */; };
		56DBE3882632BF0100449E4E /* EpisodesCharacterDetailsModel.swift in Sources */ = {isa = PBXBuildFile; fileRef = 56DBE3872632BF0100449E4E /* EpisodesCharacterDetailsModel.swift */; };
		56DBE38B2632C0A100449E4E /* CharacterDetailsSections.swift in Sources */ = {isa = PBXBuildFile; fileRef = 56DBE38A2632C0A100449E4E /* CharacterDetailsSections.swift */; };
		56DBE38F2632C26D00449E4E /* CharacterDetailsEndpoint.swift in Sources */ = {isa = PBXBuildFile; fileRef = 56DBE38E2632C26D00449E4E /* CharacterDetailsEndpoint.swift */; };
		56DBE3932632C27B00449E4E /* CharacterDeatilsAPIClient.swift in Sources */ = {isa = PBXBuildFile; fileRef = 56DBE3922632C27B00449E4E /* CharacterDeatilsAPIClient.swift */; };
		56DBE39B2632C69F00449E4E /* Episodes.swift in Sources */ = {isa = PBXBuildFile; fileRef = 56DBE39A2632C69F00449E4E /* Episodes.swift */; };
		56DBE3A42632CA0600449E4E /* HeadCollectionViewCell.swift in Sources */ = {isa = PBXBuildFile; fileRef = 56DBE3A22632CA0600449E4E /* HeadCollectionViewCell.swift */; };
		56DBE3A52632CA0600449E4E /* HeadCollectionViewCell.xib in Resources */ = {isa = PBXBuildFile; fileRef = 56DBE3A32632CA0600449E4E /* HeadCollectionViewCell.xib */; };
		56DBE3AA2632CBDC00449E4E /* EpisodesCollectionViewCell.swift in Sources */ = {isa = PBXBuildFile; fileRef = 56DBE3A82632CBDC00449E4E /* EpisodesCollectionViewCell.swift */; };
		56DBE3AB2632CBDC00449E4E /* EpisodesCollectionViewCell.xib in Resources */ = {isa = PBXBuildFile; fileRef = 56DBE3A92632CBDC00449E4E /* EpisodesCollectionViewCell.xib */; };
		56DBE3B02632CBFC00449E4E /* LocationCollectionViewCell.swift in Sources */ = {isa = PBXBuildFile; fileRef = 56DBE3AE2632CBFC00449E4E /* LocationCollectionViewCell.swift */; };
		56DBE3B12632CBFC00449E4E /* LocationCollectionViewCell.xib in Resources */ = {isa = PBXBuildFile; fileRef = 56DBE3AF2632CBFC00449E4E /* LocationCollectionViewCell.xib */; };
		56EB0179263927C500F0143C /* EpisodeListTableViewDataSource.swift in Sources */ = {isa = PBXBuildFile; fileRef = 56EB0178263927C500F0143C /* EpisodeListTableViewDataSource.swift */; };
		56EB017E26392CFA00F0143C /* EpisodeTableViewCell.swift in Sources */ = {isa = PBXBuildFile; fileRef = 56EB017C26392CFA00F0143C /* EpisodeTableViewCell.swift */; };
		56EB017F26392CFA00F0143C /* EpisodeTableViewCell.xib in Resources */ = {isa = PBXBuildFile; fileRef = 56EB017D26392CFA00F0143C /* EpisodeTableViewCell.xib */; };
		56EB0183263938D400F0143C /* EpisodeCellModel.swift in Sources */ = {isa = PBXBuildFile; fileRef = 56EB0182263938D400F0143C /* EpisodeCellModel.swift */; };
		56EB018726393A8800F0143C /* EpisodeListEndpoint.swift in Sources */ = {isa = PBXBuildFile; fileRef = 56EB018626393A8800F0143C /* EpisodeListEndpoint.swift */; };
		56EB018A26393AB100F0143C /* EpisodeListAPIClient.swift in Sources */ = {isa = PBXBuildFile; fileRef = 56EB018926393AB100F0143C /* EpisodeListAPIClient.swift */; };
		5805B636801F95CFD5A4F173 /* CharacterListViewModel.swift in Sources */ = {isa = PBXBuildFile; fileRef = 318CBC8A98DF4170C06296F4 /* CharacterListViewModel.swift */; };
		5CF0CF6F149BFBDF5D65033B /* CharacterListView.swift in Sources */ = {isa = PBXBuildFile; fileRef = A681664164AAA94BEEDA000E /* CharacterListView.swift */; };
		5CF32522E89C79AF00829D22 /* CharacterDetailsView.swift in Sources */ = {isa = PBXBuildFile; fileRef = 0A7F7763D002C2B47F31257D /* CharacterDetailsView.swift */; };
		648E53DC1207C74DD5A41407 /* EpisodeListViewController.storyboard in Resources */ = {isa = PBXBuildFile; fileRef = 628D3455A368B6293EAF2404 /* EpisodeListViewController.storyboard */; };
		81EF6F718A350E28C3C01D19 /* CharacterDetailsModuleAssembly.swift in Sources */ = {isa = PBXBuildFile; fileRef = 8435496ABB51DAE467716BF5 /* CharacterDetailsModuleAssembly.swift */; };
		82AAF9BB043A893D2F685A26 /* EpisodeListViewController.swift in Sources */ = {isa = PBXBuildFile; fileRef = AB0019FDC8332E7DF9EFB210 /* EpisodeListViewController.swift */; };
		9AA75732CDDC377CD19E86EF /* CharacterListCoordinatorCoordinator.swift in Sources */ = {isa = PBXBuildFile; fileRef = 62544155871770F9506F95CB /* CharacterListCoordinatorCoordinator.swift */; };
		BECBD4CFCA8E4F6EF9D743E4 /* EpisodeListViewModel.swift in Sources */ = {isa = PBXBuildFile; fileRef = 0475CAFF2A0FD492A8647827 /* EpisodeListViewModel.swift */; };
		CE3EDCA82637034500D3B289 /* CharacterDetailsCollectionViewDataSource.swift in Sources */ = {isa = PBXBuildFile; fileRef = CE3EDCA72637034400D3B289 /* CharacterDetailsCollectionViewDataSource.swift */; };
		CE3EDCD126385CA700D3B289 /* SectionDetailsModels.swift in Sources */ = {isa = PBXBuildFile; fileRef = CE3EDCD026385CA700D3B289 /* SectionDetailsModels.swift */; };
		D28865F3D7F97A7D97FFB65C /* EpisodeListModuleAssembly.swift in Sources */ = {isa = PBXBuildFile; fileRef = FDB633537BCA0505DBA59192 /* EpisodeListModuleAssembly.swift */; };
		D6A527D133EEAFC669CBACD6 /* ApplicationCoordinator.swift in Sources */ = {isa = PBXBuildFile; fileRef = E8B74AD935D33FDC3B7DEC87 /* ApplicationCoordinator.swift */; };
		DDE466BB2C0CAF8B5749248B /* CharacterListCoordinatorAssembly.swift in Sources */ = {isa = PBXBuildFile; fileRef = 541FAF263EB0A999954A04D8 /* CharacterListCoordinatorAssembly.swift */; };
		E9BBD057C3A7AF2D5D0563A8 /* ApplicationCoordinatorAssembly.swift in Sources */ = {isa = PBXBuildFile; fileRef = 8D9C67568C6B899D1A02036B /* ApplicationCoordinatorAssembly.swift */; };
/* End PBXBuildFile section */

/* Begin PBXFileReference section */
		03A9B19C730681ACFBDB2CFA /* CharacterListViewController.swift */ = {isa = PBXFileReference; includeInIndex = 1; lastKnownFileType = sourcecode.swift; path = CharacterListViewController.swift; sourceTree = "<group>"; };
		0475CAFF2A0FD492A8647827 /* EpisodeListViewModel.swift */ = {isa = PBXFileReference; includeInIndex = 1; lastKnownFileType = sourcecode.swift; path = EpisodeListViewModel.swift; sourceTree = "<group>"; };
		0A7F7763D002C2B47F31257D /* CharacterDetailsView.swift */ = {isa = PBXFileReference; includeInIndex = 1; lastKnownFileType = sourcecode.swift; path = CharacterDetailsView.swift; sourceTree = "<group>"; };
		113B93C54E5D270098725E22 /* CharacterListViewController.storyboard */ = {isa = PBXFileReference; includeInIndex = 1; lastKnownFileType = file.storyboard; path = CharacterListViewController.storyboard; sourceTree = "<group>"; };
		17808CF276CE7DEF455BD558 /* CharacterDetailsViewController.storyboard */ = {isa = PBXFileReference; includeInIndex = 1; lastKnownFileType = file.storyboard; path = CharacterDetailsViewController.storyboard; sourceTree = "<group>"; };
		2970742F96A82567E687B557 /* CharacterDetailsViewModel.swift */ = {isa = PBXFileReference; includeInIndex = 1; lastKnownFileType = sourcecode.swift; path = CharacterDetailsViewModel.swift; sourceTree = "<group>"; };
		318CBC8A98DF4170C06296F4 /* CharacterListViewModel.swift */ = {isa = PBXFileReference; includeInIndex = 1; lastKnownFileType = sourcecode.swift; path = CharacterListViewModel.swift; sourceTree = "<group>"; };
		4788ED487AE7C08A8FD0B21C /* EpisodeListView.swift */ = {isa = PBXFileReference; includeInIndex = 1; lastKnownFileType = sourcecode.swift; path = EpisodeListView.swift; sourceTree = "<group>"; };
		541FAF263EB0A999954A04D8 /* CharacterListCoordinatorAssembly.swift */ = {isa = PBXFileReference; includeInIndex = 1; lastKnownFileType = sourcecode.swift; path = CharacterListCoordinatorAssembly.swift; sourceTree = "<group>"; };
		563564D7262D45760048B546 /* RM.app */ = {isa = PBXFileReference; explicitFileType = wrapper.application; includeInIndex = 0; path = RM.app; sourceTree = BUILT_PRODUCTS_DIR; };
		563564DA262D45760048B546 /* AppDelegate.swift */ = {isa = PBXFileReference; lastKnownFileType = sourcecode.swift; path = AppDelegate.swift; sourceTree = "<group>"; };
		563564E3262D45770048B546 /* Assets.xcassets */ = {isa = PBXFileReference; lastKnownFileType = folder.assetcatalog; path = Assets.xcassets; sourceTree = "<group>"; };
		563564E6262D45770048B546 /* Base */ = {isa = PBXFileReference; lastKnownFileType = file.storyboard; name = Base; path = Base.lproj/LaunchScreen.storyboard; sourceTree = "<group>"; };
		563564E8262D45770048B546 /* Info.plist */ = {isa = PBXFileReference; lastKnownFileType = text.plist.xml; path = Info.plist; sourceTree = "<group>"; };
		56356535262D4C160048B546 /* BaseCoordinator.swift */ = {isa = PBXFileReference; fileEncoding = 4; lastKnownFileType = sourcecode.swift; path = BaseCoordinator.swift; sourceTree = "<group>"; };
		56356536262D4C160048B546 /* Container+BaseViewControllerResolving.swift */ = {isa = PBXFileReference; fileEncoding = 4; lastKnownFileType = sourcecode.swift; path = "Container+BaseViewControllerResolving.swift"; sourceTree = "<group>"; };
		56356537262D4C160048B546 /* ApplicationAssembley.swift */ = {isa = PBXFileReference; fileEncoding = 4; lastKnownFileType = sourcecode.swift; path = ApplicationAssembley.swift; sourceTree = "<group>"; };
		56356538262D4C160048B546 /* Coordinator.swift */ = {isa = PBXFileReference; fileEncoding = 4; lastKnownFileType = sourcecode.swift; path = Coordinator.swift; sourceTree = "<group>"; };
		56356539262D4C160048B546 /* ModuleFactory.swift */ = {isa = PBXFileReference; fileEncoding = 4; lastKnownFileType = sourcecode.swift; path = ModuleFactory.swift; sourceTree = "<group>"; };
		5635654C262D54F90048B546 /* NSObject+className.swift */ = {isa = PBXFileReference; fileEncoding = 4; lastKnownFileType = sourcecode.swift; path = "NSObject+className.swift"; sourceTree = "<group>"; };
		5635654D262D54F90048B546 /* UIViewController+StoryboardInitable.swift */ = {isa = PBXFileReference; fileEncoding = 4; lastKnownFileType = sourcecode.swift; path = "UIViewController+StoryboardInitable.swift"; sourceTree = "<group>"; };
		56356572262D5EB30048B546 /* Character.swift */ = {isa = PBXFileReference; lastKnownFileType = sourcecode.swift; path = Character.swift; sourceTree = "<group>"; };
		56356577262D60590048B546 /* CharacterEndpoint.swift */ = {isa = PBXFileReference; lastKnownFileType = sourcecode.swift; path = CharacterEndpoint.swift; sourceTree = "<group>"; };
		5635657C262D60B40048B546 /* CharacterAPIClient.swift */ = {isa = PBXFileReference; lastKnownFileType = sourcecode.swift; path = CharacterAPIClient.swift; sourceTree = "<group>"; };
		56356585262D61730048B546 /* APIConfiguration.swift */ = {isa = PBXFileReference; fileEncoding = 4; lastKnownFileType = sourcecode.swift; path = APIConfiguration.swift; sourceTree = "<group>"; };
		5635658A262D61CA0048B546 /* Constants.swift */ = {isa = PBXFileReference; lastKnownFileType = sourcecode.swift; path = Constants.swift; sourceTree = "<group>"; };
		56356599262D65620048B546 /* ConfigurableRow.swift */ = {isa = PBXFileReference; fileEncoding = 4; lastKnownFileType = sourcecode.swift; path = ConfigurableRow.swift; sourceTree = "<group>"; };
		5635659C262D65A90048B546 /* CharacterTableViewCell.swift */ = {isa = PBXFileReference; lastKnownFileType = sourcecode.swift; path = CharacterTableViewCell.swift; sourceTree = "<group>"; };
		5635659D262D65A90048B546 /* CharacterTableViewCell.xib */ = {isa = PBXFileReference; lastKnownFileType = file.xib; path = CharacterTableViewCell.xib; sourceTree = "<group>"; };
		563565A1262D6A490048B546 /* CharacteCellModel.swift */ = {isa = PBXFileReference; lastKnownFileType = sourcecode.swift; path = CharacteCellModel.swift; sourceTree = "<group>"; };
		563565A4262D78F80048B546 /* CharacterTableViewDataSource.swift */ = {isa = PBXFileReference; lastKnownFileType = sourcecode.swift; path = CharacterTableViewDataSource.swift; sourceTree = "<group>"; };
		563565AB262D81370048B546 /* CharacterSectionModel.swift */ = {isa = PBXFileReference; lastKnownFileType = sourcecode.swift; path = CharacterSectionModel.swift; sourceTree = "<group>"; };
		563D6FE1263809DD004DC32C /* Location.swift */ = {isa = PBXFileReference; lastKnownFileType = sourcecode.swift; path = Location.swift; sourceTree = "<group>"; };
		563D6FE526380B6F004DC32C /* String+getCharacterIdFromUrl.swift */ = {isa = PBXFileReference; lastKnownFileType = sourcecode.swift; path = "String+getCharacterIdFromUrl.swift"; sourceTree = "<group>"; };
		56DBE3812632BED400449E4E /* HeadCharacterDetailsModel.swift */ = {isa = PBXFileReference; lastKnownFileType = sourcecode.swift; path = HeadCharacterDetailsModel.swift; sourceTree = "<group>"; };
		56DBE3842632BEF100449E4E /* LocationCharacterDetailsModel.swift */ = {isa = PBXFileReference; lastKnownFileType = sourcecode.swift; path = LocationCharacterDetailsModel.swift; sourceTree = "<group>"; };
		56DBE3872632BF0100449E4E /* EpisodesCharacterDetailsModel.swift */ = {isa = PBXFileReference; lastKnownFileType = sourcecode.swift; path = EpisodesCharacterDetailsModel.swift; sourceTree = "<group>"; };
		56DBE38A2632C0A100449E4E /* CharacterDetailsSections.swift */ = {isa = PBXFileReference; lastKnownFileType = sourcecode.swift; path = CharacterDetailsSections.swift; sourceTree = "<group>"; };
		56DBE38E2632C26D00449E4E /* CharacterDetailsEndpoint.swift */ = {isa = PBXFileReference; lastKnownFileType = sourcecode.swift; path = CharacterDetailsEndpoint.swift; sourceTree = "<group>"; };
		56DBE3922632C27B00449E4E /* CharacterDeatilsAPIClient.swift */ = {isa = PBXFileReference; lastKnownFileType = sourcecode.swift; path = CharacterDeatilsAPIClient.swift; sourceTree = "<group>"; };
		56DBE39A2632C69F00449E4E /* Episodes.swift */ = {isa = PBXFileReference; lastKnownFileType = sourcecode.swift; path = Episodes.swift; sourceTree = "<group>"; };
		56DBE3A22632CA0600449E4E /* HeadCollectionViewCell.swift */ = {isa = PBXFileReference; lastKnownFileType = sourcecode.swift; path = HeadCollectionViewCell.swift; sourceTree = "<group>"; };
		56DBE3A32632CA0600449E4E /* HeadCollectionViewCell.xib */ = {isa = PBXFileReference; lastKnownFileType = file.xib; path = HeadCollectionViewCell.xib; sourceTree = "<group>"; };
		56DBE3A82632CBDC00449E4E /* EpisodesCollectionViewCell.swift */ = {isa = PBXFileReference; lastKnownFileType = sourcecode.swift; path = EpisodesCollectionViewCell.swift; sourceTree = "<group>"; };
		56DBE3A92632CBDC00449E4E /* EpisodesCollectionViewCell.xib */ = {isa = PBXFileReference; lastKnownFileType = file.xib; path = EpisodesCollectionViewCell.xib; sourceTree = "<group>"; };
		56DBE3AE2632CBFC00449E4E /* LocationCollectionViewCell.swift */ = {isa = PBXFileReference; lastKnownFileType = sourcecode.swift; path = LocationCollectionViewCell.swift; sourceTree = "<group>"; };
		56DBE3AF2632CBFC00449E4E /* LocationCollectionViewCell.xib */ = {isa = PBXFileReference; lastKnownFileType = file.xib; path = LocationCollectionViewCell.xib; sourceTree = "<group>"; };
		56EB0178263927C500F0143C /* EpisodeListTableViewDataSource.swift */ = {isa = PBXFileReference; lastKnownFileType = sourcecode.swift; path = EpisodeListTableViewDataSource.swift; sourceTree = "<group>"; };
		56EB017C26392CFA00F0143C /* EpisodeTableViewCell.swift */ = {isa = PBXFileReference; lastKnownFileType = sourcecode.swift; path = EpisodeTableViewCell.swift; sourceTree = "<group>"; };
		56EB017D26392CFA00F0143C /* EpisodeTableViewCell.xib */ = {isa = PBXFileReference; lastKnownFileType = file.xib; path = EpisodeTableViewCell.xib; sourceTree = "<group>"; };
		56EB0182263938D400F0143C /* EpisodeCellModel.swift */ = {isa = PBXFileReference; lastKnownFileType = sourcecode.swift; path = EpisodeCellModel.swift; sourceTree = "<group>"; };
		56EB018626393A8800F0143C /* EpisodeListEndpoint.swift */ = {isa = PBXFileReference; lastKnownFileType = sourcecode.swift; path = EpisodeListEndpoint.swift; sourceTree = "<group>"; };
		56EB018926393AB100F0143C /* EpisodeListAPIClient.swift */ = {isa = PBXFileReference; lastKnownFileType = sourcecode.swift; path = EpisodeListAPIClient.swift; sourceTree = "<group>"; };
		62544155871770F9506F95CB /* CharacterListCoordinatorCoordinator.swift */ = {isa = PBXFileReference; includeInIndex = 1; lastKnownFileType = sourcecode.swift; path = CharacterListCoordinatorCoordinator.swift; sourceTree = "<group>"; };
		628D3455A368B6293EAF2404 /* EpisodeListViewController.storyboard */ = {isa = PBXFileReference; includeInIndex = 1; lastKnownFileType = file.storyboard; path = EpisodeListViewController.storyboard; sourceTree = "<group>"; };
		69F17EC1757D217B9EDE6525 /* CharacterListModuleAssembly.swift */ = {isa = PBXFileReference; includeInIndex = 1; lastKnownFileType = sourcecode.swift; path = CharacterListModuleAssembly.swift; sourceTree = "<group>"; };
		8435496ABB51DAE467716BF5 /* CharacterDetailsModuleAssembly.swift */ = {isa = PBXFileReference; includeInIndex = 1; lastKnownFileType = sourcecode.swift; path = CharacterDetailsModuleAssembly.swift; sourceTree = "<group>"; };
		8D9C67568C6B899D1A02036B /* ApplicationCoordinatorAssembly.swift */ = {isa = PBXFileReference; includeInIndex = 1; lastKnownFileType = sourcecode.swift; path = ApplicationCoordinatorAssembly.swift; sourceTree = "<group>"; };
		A681664164AAA94BEEDA000E /* CharacterListView.swift */ = {isa = PBXFileReference; includeInIndex = 1; lastKnownFileType = sourcecode.swift; path = CharacterListView.swift; sourceTree = "<group>"; };
		AB0019FDC8332E7DF9EFB210 /* EpisodeListViewController.swift */ = {isa = PBXFileReference; includeInIndex = 1; lastKnownFileType = sourcecode.swift; path = EpisodeListViewController.swift; sourceTree = "<group>"; };
		CE3EDCA72637034400D3B289 /* CharacterDetailsCollectionViewDataSource.swift */ = {isa = PBXFileReference; lastKnownFileType = sourcecode.swift; path = CharacterDetailsCollectionViewDataSource.swift; sourceTree = "<group>"; };
		CE3EDCD026385CA700D3B289 /* SectionDetailsModels.swift */ = {isa = PBXFileReference; lastKnownFileType = sourcecode.swift; path = SectionDetailsModels.swift; sourceTree = "<group>"; };
		E8B74AD935D33FDC3B7DEC87 /* ApplicationCoordinator.swift */ = {isa = PBXFileReference; includeInIndex = 1; lastKnownFileType = sourcecode.swift; path = ApplicationCoordinator.swift; sourceTree = "<group>"; };
		EB928BE9EAF1E5EE2FD86C46 /* CharacterDetailsViewController.swift */ = {isa = PBXFileReference; includeInIndex = 1; lastKnownFileType = sourcecode.swift; path = CharacterDetailsViewController.swift; sourceTree = "<group>"; };
		FDB633537BCA0505DBA59192 /* EpisodeListModuleAssembly.swift */ = {isa = PBXFileReference; includeInIndex = 1; lastKnownFileType = sourcecode.swift; path = EpisodeListModuleAssembly.swift; sourceTree = "<group>"; };
/* End PBXFileReference section */

/* Begin PBXFrameworksBuildPhase section */
		563564D4262D45760048B546 /* Frameworks */ = {
			isa = PBXFrameworksBuildPhase;
			buildActionMask = 2147483647;
			files = (
				56356518262D46950048B546 /* Kingfisher in Frameworks */,
				56356512262D463B0048B546 /* Alamofire in Frameworks */,
				5635651E262D46B10048B546 /* Swinject in Frameworks */,
			);
			runOnlyForDeploymentPostprocessing = 0;
		};
/* End PBXFrameworksBuildPhase section */

/* Begin PBXGroup section */
		05423AAA164F734230FF3800 /* Assembly */ = {
			isa = PBXGroup;
			children = (
				69F17EC1757D217B9EDE6525 /* CharacterListModuleAssembly.swift */,
			);
			path = Assembly;
			sourceTree = "<group>";
		};
		1C5AAB2241FAC16D1468A106 /* ViewModel */ = {
			isa = PBXGroup;
			children = (
				318CBC8A98DF4170C06296F4 /* CharacterListViewModel.swift */,
			);
			path = ViewModel;
			sourceTree = "<group>";
		};
		2172C27B4BAF47525DB30B08 /* ViewController */ = {
			isa = PBXGroup;
			children = (
				EB928BE9EAF1E5EE2FD86C46 /* CharacterDetailsViewController.swift */,
				17808CF276CE7DEF455BD558 /* CharacterDetailsViewController.storyboard */,
			);
			path = ViewController;
			sourceTree = "<group>";
		};
		2A4A04F973A9C1DF2B508E48 /* Application */ = {
			isa = PBXGroup;
			children = (
				8308E09DB8AD33B75EC64D5B /* Coordinator */,
			);
			path = Application;
			sourceTree = "<group>";
		};
		2D632647917DA4423CDB3B80 /* View */ = {
			isa = PBXGroup;
			children = (
				56356598262D65240048B546 /* Cell */,
				A681664164AAA94BEEDA000E /* CharacterListView.swift */,
				563565A4262D78F80048B546 /* CharacterTableViewDataSource.swift */,
			);
			name = View;
			path = ../CharacterList/View;
			sourceTree = "<group>";
		};
		46C98F60987045F2F791C8BD /* ViewModel */ = {
			isa = PBXGroup;
			children = (
				2970742F96A82567E687B557 /* CharacterDetailsViewModel.swift */,
			);
			path = ViewModel;
			sourceTree = "<group>";
		};
		563564CE262D45760048B546 = {
			isa = PBXGroup;
			children = (
				563564D9262D45760048B546 /* RM */,
				563564D8262D45760048B546 /* Products */,
			);
			sourceTree = "<group>";
		};
		563564D8262D45760048B546 /* Products */ = {
			isa = PBXGroup;
			children = (
				563564D7262D45760048B546 /* RM.app */,
			);
			name = Products;
			sourceTree = "<group>";
		};
		563564D9262D45760048B546 /* RM */ = {
			isa = PBXGroup;
			children = (
				56DBE3992632C69200449E4E /* NetworkModels */,
				56356584262D61630048B546 /* Protocols */,
				5635654B262D54D80048B546 /* Extensions */,
				56356529262D4AD00048B546 /* Service */,
				56356534262D4BD70048B546 /* Support */,
				56356533262D4BB60048B546 /* Modules */,
				563564E3262D45770048B546 /* Assets.xcassets */,
				563564E5262D45770048B546 /* LaunchScreen.storyboard */,
			);
			path = RM;
			sourceTree = "<group>";
		};
		56356529262D4AD00048B546 /* Service */ = {
			isa = PBXGroup;
			children = (
				5635658A262D61CA0048B546 /* Constants.swift */,
				563564DA262D45760048B546 /* AppDelegate.swift */,
				563564E8262D45770048B546 /* Info.plist */,
			);
			path = Service;
			sourceTree = "<group>";
		};
		56356533262D4BB60048B546 /* Modules */ = {
			isa = PBXGroup;
			children = (
				2A4A04F973A9C1DF2B508E48 /* Application */,
				8CD8F277B64B2DB3EAB357D6 /* CharactersList */,
				5980BECE931477B04DF1402A /* CharacterDetails */,
				F77923DF5D8E186C6B477FB1 /* EpisodeList */,
			);
			path = Modules;
			sourceTree = "<group>";
		};
		56356534262D4BD70048B546 /* Support */ = {
			isa = PBXGroup;
			children = (
				56356537262D4C160048B546 /* ApplicationAssembley.swift */,
				56356535262D4C160048B546 /* BaseCoordinator.swift */,
				56356536262D4C160048B546 /* Container+BaseViewControllerResolving.swift */,
				56356538262D4C160048B546 /* Coordinator.swift */,
				56356539262D4C160048B546 /* ModuleFactory.swift */,
			);
			path = Support;
			sourceTree = "<group>";
		};
		5635654B262D54D80048B546 /* Extensions */ = {
			isa = PBXGroup;
			children = (
				5635654C262D54F90048B546 /* NSObject+className.swift */,
				5635654D262D54F90048B546 /* UIViewController+StoryboardInitable.swift */,
				563D6FE526380B6F004DC32C /* String+getCharacterIdFromUrl.swift */,
			);
			path = Extensions;
			sourceTree = "<group>";
		};
		56356570262D5DFA0048B546 /* Model */ = {
			isa = PBXGroup;
			children = (
				563565A1262D6A490048B546 /* CharacteCellModel.swift */,
				563565AB262D81370048B546 /* CharacterSectionModel.swift */,
			);
			path = Model;
			sourceTree = "<group>";
		};
		56356571262D5E060048B546 /* API */ = {
			isa = PBXGroup;
			children = (
				56356577262D60590048B546 /* CharacterEndpoint.swift */,
				5635657C262D60B40048B546 /* CharacterAPIClient.swift */,
			);
			path = API;
			sourceTree = "<group>";
		};
		56356584262D61630048B546 /* Protocols */ = {
			isa = PBXGroup;
			children = (
				56356599262D65620048B546 /* ConfigurableRow.swift */,
				56356585262D61730048B546 /* APIConfiguration.swift */,
			);
			path = Protocols;
			sourceTree = "<group>";
		};
		56356598262D65240048B546 /* Cell */ = {
			isa = PBXGroup;
			children = (
				5635659C262D65A90048B546 /* CharacterTableViewCell.swift */,
				5635659D262D65A90048B546 /* CharacterTableViewCell.xib */,
			);
			path = Cell;
			sourceTree = "<group>";
		};
		56DBE37A2632B85B00449E4E /* Cells */ = {
			isa = PBXGroup;
			children = (
				56DBE3AD2632CBE600449E4E /* LocationCell */,
				56DBE3A72632CBC400449E4E /* EpisodesCell */,
				56DBE3A12632C9D600449E4E /* HeadCell */,
			);
			path = Cells;
			sourceTree = "<group>";
		};
		56DBE37C2632BAA600449E4E /* Model */ = {
			isa = PBXGroup;
			children = (
				56DBE3812632BED400449E4E /* HeadCharacterDetailsModel.swift */,
				56DBE3842632BEF100449E4E /* LocationCharacterDetailsModel.swift */,
				56DBE3872632BF0100449E4E /* EpisodesCharacterDetailsModel.swift */,
				CE3EDCD026385CA700D3B289 /* SectionDetailsModels.swift */,
			);
			path = Model;
			sourceTree = "<group>";
		};
		56DBE38D2632C25C00449E4E /* API */ = {
			isa = PBXGroup;
			children = (
				56DBE38E2632C26D00449E4E /* CharacterDetailsEndpoint.swift */,
				56DBE3922632C27B00449E4E /* CharacterDeatilsAPIClient.swift */,
			);
			path = API;
			sourceTree = "<group>";
		};
		56DBE3992632C69200449E4E /* NetworkModels */ = {
			isa = PBXGroup;
			children = (
				56DBE39A2632C69F00449E4E /* Episodes.swift */,
				56356572262D5EB30048B546 /* Character.swift */,
				563D6FE1263809DD004DC32C /* Location.swift */,
			);
			path = NetworkModels;
			sourceTree = "<group>";
		};
		56DBE3A12632C9D600449E4E /* HeadCell */ = {
			isa = PBXGroup;
			children = (
				56DBE3A22632CA0600449E4E /* HeadCollectionViewCell.swift */,
				56DBE3A32632CA0600449E4E /* HeadCollectionViewCell.xib */,
			);
			path = HeadCell;
			sourceTree = "<group>";
		};
		56DBE3A72632CBC400449E4E /* EpisodesCell */ = {
			isa = PBXGroup;
			children = (
				56DBE3A82632CBDC00449E4E /* EpisodesCollectionViewCell.swift */,
				56DBE3A92632CBDC00449E4E /* EpisodesCollectionViewCell.xib */,
			);
			path = EpisodesCell;
			sourceTree = "<group>";
		};
		56DBE3AD2632CBE600449E4E /* LocationCell */ = {
			isa = PBXGroup;
			children = (
				56DBE3AE2632CBFC00449E4E /* LocationCollectionViewCell.swift */,
				56DBE3AF2632CBFC00449E4E /* LocationCollectionViewCell.xib */,
			);
			path = LocationCell;
			sourceTree = "<group>";
		};
		56EB017B26392CBF00F0143C /* Cell */ = {
			isa = PBXGroup;
			children = (
				56EB017C26392CFA00F0143C /* EpisodeTableViewCell.swift */,
				56EB017D26392CFA00F0143C /* EpisodeTableViewCell.xib */,
			);
			path = Cell;
			sourceTree = "<group>";
		};
		56EB0181263938C500F0143C /* Model */ = {
			isa = PBXGroup;
			children = (
				56EB0182263938D400F0143C /* EpisodeCellModel.swift */,
			);
			path = Model;
			sourceTree = "<group>";
		};
		56EB018526393A7700F0143C /* API */ = {
			isa = PBXGroup;
			children = (
				56EB018626393A8800F0143C /* EpisodeListEndpoint.swift */,
				56EB018926393AB100F0143C /* EpisodeListAPIClient.swift */,
			);
			path = API;
			sourceTree = "<group>";
		};
		5980BECE931477B04DF1402A /* CharacterDetails */ = {
			isa = PBXGroup;
			children = (
				56DBE38D2632C25C00449E4E /* API */,
				56DBE37C2632BAA600449E4E /* Model */,
				2172C27B4BAF47525DB30B08 /* ViewController */,
				46C98F60987045F2F791C8BD /* ViewModel */,
				AF6309500201CF539159BD73 /* View */,
				82954CE974D205E3C9E07EC5 /* Assembly */,
			);
			path = CharacterDetails;
			sourceTree = "<group>";
		};
		69F1C526ADBFD40BBC0967D6 /* View */ = {
			isa = PBXGroup;
			children = (
				56EB017B26392CBF00F0143C /* Cell */,
				4788ED487AE7C08A8FD0B21C /* EpisodeListView.swift */,
				56EB0178263927C500F0143C /* EpisodeListTableViewDataSource.swift */,
			);
			path = View;
			sourceTree = "<group>";
		};
		81505599523D431090AEFC90 /* ViewModel */ = {
			isa = PBXGroup;
			children = (
				0475CAFF2A0FD492A8647827 /* EpisodeListViewModel.swift */,
			);
			path = ViewModel;
			sourceTree = "<group>";
		};
		82954CE974D205E3C9E07EC5 /* Assembly */ = {
			isa = PBXGroup;
			children = (
				8435496ABB51DAE467716BF5 /* CharacterDetailsModuleAssembly.swift */,
			);
			path = Assembly;
			sourceTree = "<group>";
		};
		8308E09DB8AD33B75EC64D5B /* Coordinator */ = {
			isa = PBXGroup;
			children = (
				E8B74AD935D33FDC3B7DEC87 /* ApplicationCoordinator.swift */,
				8D9C67568C6B899D1A02036B /* ApplicationCoordinatorAssembly.swift */,
			);
			path = Coordinator;
			sourceTree = "<group>";
		};
		8CD8F277B64B2DB3EAB357D6 /* CharactersList */ = {
			isa = PBXGroup;
			children = (
				56356571262D5E060048B546 /* API */,
				56356570262D5DFA0048B546 /* Model */,
				E2E0B3A88337CC788BC74DEA /* CharacterListCoordinator */,
				EC8DF3F4E0EF7A38374FBB35 /* ViewController */,
				1C5AAB2241FAC16D1468A106 /* ViewModel */,
				2D632647917DA4423CDB3B80 /* View */,
				05423AAA164F734230FF3800 /* Assembly */,
			);
			path = CharactersList;
			sourceTree = "<group>";
		};
		93A049A65164A79859A31F84 /* Coordinator */ = {
			isa = PBXGroup;
			children = (
				62544155871770F9506F95CB /* CharacterListCoordinatorCoordinator.swift */,
				541FAF263EB0A999954A04D8 /* CharacterListCoordinatorAssembly.swift */,
			);
			path = Coordinator;
			sourceTree = "<group>";
		};
		AF6309500201CF539159BD73 /* View */ = {
			isa = PBXGroup;
			children = (
				56DBE37A2632B85B00449E4E /* Cells */,
				0A7F7763D002C2B47F31257D /* CharacterDetailsView.swift */,
				56DBE38A2632C0A100449E4E /* CharacterDetailsSections.swift */,
				CE3EDCA72637034400D3B289 /* CharacterDetailsCollectionViewDataSource.swift */,
			);
			path = View;
			sourceTree = "<group>";
		};
		D87984072E3FF880D1309130 /* ViewController */ = {
			isa = PBXGroup;
			children = (
				AB0019FDC8332E7DF9EFB210 /* EpisodeListViewController.swift */,
				628D3455A368B6293EAF2404 /* EpisodeListViewController.storyboard */,
			);
			path = ViewController;
			sourceTree = "<group>";
		};
		E2E0B3A88337CC788BC74DEA /* CharacterListCoordinator */ = {
			isa = PBXGroup;
			children = (
				93A049A65164A79859A31F84 /* Coordinator */,
			);
			path = CharacterListCoordinator;
			sourceTree = "<group>";
		};
		EC8DF3F4E0EF7A38374FBB35 /* ViewController */ = {
			isa = PBXGroup;
			children = (
				03A9B19C730681ACFBDB2CFA /* CharacterListViewController.swift */,
				113B93C54E5D270098725E22 /* CharacterListViewController.storyboard */,
			);
			path = ViewController;
			sourceTree = "<group>";
		};
		F433713E6381843B67E36ED5 /* Assembly */ = {
			isa = PBXGroup;
			children = (
				FDB633537BCA0505DBA59192 /* EpisodeListModuleAssembly.swift */,
			);
			path = Assembly;
			sourceTree = "<group>";
		};
		F77923DF5D8E186C6B477FB1 /* EpisodeList */ = {
			isa = PBXGroup;
			children = (
				56EB018526393A7700F0143C /* API */,
				56EB0181263938C500F0143C /* Model */,
				D87984072E3FF880D1309130 /* ViewController */,
				81505599523D431090AEFC90 /* ViewModel */,
				69F1C526ADBFD40BBC0967D6 /* View */,
				F433713E6381843B67E36ED5 /* Assembly */,
			);
			path = EpisodeList;
			sourceTree = "<group>";
		};
/* End PBXGroup section */

/* Begin PBXNativeTarget section */
		563564D6262D45760048B546 /* RM */ = {
			isa = PBXNativeTarget;
			buildConfigurationList = 56356501262D45770048B546 /* Build configuration list for PBXNativeTarget "RM" */;
			buildPhases = (
				563564D3262D45760048B546 /* Sources */,
				563564D4262D45760048B546 /* Frameworks */,
				563564D5262D45760048B546 /* Resources */,
				56356522262D47120048B546 /* Format */,
			);
			buildRules = (
			);
			dependencies = (
			);
			name = RM;
			packageProductDependencies = (
				56356511262D463B0048B546 /* Alamofire */,
				56356517262D46950048B546 /* Kingfisher */,
				5635651D262D46B10048B546 /* Swinject */,
			);
			productName = RM;
			productReference = 563564D7262D45760048B546 /* RM.app */;
			productType = "com.apple.product-type.application";
		};
/* End PBXNativeTarget section */

/* Begin PBXProject section */
		563564CF262D45760048B546 /* Project object */ = {
			isa = PBXProject;
			attributes = {
				LastSwiftUpdateCheck = 1240;
				LastUpgradeCheck = 1240;
				TargetAttributes = {
					563564D6262D45760048B546 = {
						CreatedOnToolsVersion = 12.4;
					};
				};
			};
			buildConfigurationList = 563564D2262D45760048B546 /* Build configuration list for PBXProject "RM" */;
			compatibilityVersion = "Xcode 9.3";
			developmentRegion = en;
			hasScannedForEncodings = 0;
			knownRegions = (
				en,
				Base,
			);
			mainGroup = 563564CE262D45760048B546;
			packageReferences = (
				56356510262D463B0048B546 /* XCRemoteSwiftPackageReference "Alamofire" */,
				56356516262D46950048B546 /* XCRemoteSwiftPackageReference "Kingfisher" */,
				5635651C262D46B10048B546 /* XCRemoteSwiftPackageReference "Swinject" */,
			);
			productRefGroup = 563564D8262D45760048B546 /* Products */;
			projectDirPath = "";
			projectRoot = "";
			targets = (
				563564D6262D45760048B546 /* RM */,
			);
		};
/* End PBXProject section */

/* Begin PBXResourcesBuildPhase section */
		563564D5262D45760048B546 /* Resources */ = {
			isa = PBXResourcesBuildPhase;
			buildActionMask = 2147483647;
			files = (
				563564E7262D45770048B546 /* LaunchScreen.storyboard in Resources */,
				563564E4262D45770048B546 /* Assets.xcassets in Resources */,
				56DBE3A52632CA0600449E4E /* HeadCollectionViewCell.xib in Resources */,
				56EB017F26392CFA00F0143C /* EpisodeTableViewCell.xib in Resources */,
				33061DF5D4C6B9FFD24A0F20 /* CharacterListViewController.storyboard in Resources */,
				5635659F262D65A90048B546 /* CharacterTableViewCell.xib in Resources */,
				56DBE3AB2632CBDC00449E4E /* EpisodesCollectionViewCell.xib in Resources */,
				56DBE3B12632CBFC00449E4E /* LocationCollectionViewCell.xib in Resources */,
				27DC46E442D24513F858094C /* CharacterDetailsViewController.storyboard in Resources */,
				648E53DC1207C74DD5A41407 /* EpisodeListViewController.storyboard in Resources */,
			);
			runOnlyForDeploymentPostprocessing = 0;
		};
/* End PBXResourcesBuildPhase section */

/* Begin PBXShellScriptBuildPhase section */
		56356522262D47120048B546 /* Format */ = {
			isa = PBXShellScriptBuildPhase;
			buildActionMask = 2147483647;
			files = (
			);
			inputFileListPaths = (
			);
			inputPaths = (
			);
			name = Format;
			outputFileListPaths = (
			);
			outputPaths = (
			);
			runOnlyForDeploymentPostprocessing = 0;
			shellPath = /bin/sh;
			shellScript = "if which swiftformat >/dev/null; then\n  swiftformat .\nelse\n  echo \"warning: SwiftLint not installed, download from https://github.com/realm/SwiftLint\"\nfi\n";
		};
/* End PBXShellScriptBuildPhase section */

/* Begin PBXSourcesBuildPhase section */
		563564D3262D45760048B546 /* Sources */ = {
			isa = PBXSourcesBuildPhase;
			buildActionMask = 2147483647;
			files = (
				5635653A262D4C160048B546 /* BaseCoordinator.swift in Sources */,
				5635653D262D4C160048B546 /* Coordinator.swift in Sources */,
				56EB018726393A8800F0143C /* EpisodeListEndpoint.swift in Sources */,
				56DBE3AA2632CBDC00449E4E /* EpisodesCollectionViewCell.swift in Sources */,
				56EB017E26392CFA00F0143C /* EpisodeTableViewCell.swift in Sources */,
				5635657D262D60B40048B546 /* CharacterAPIClient.swift in Sources */,
				563565A5262D78F80048B546 /* CharacterTableViewDataSource.swift in Sources */,
				563564DB262D45760048B546 /* AppDelegate.swift in Sources */,
				5635659E262D65A90048B546 /* CharacterTableViewCell.swift in Sources */,
				56DBE3882632BF0100449E4E /* EpisodesCharacterDetailsModel.swift in Sources */,
				56EB0183263938D400F0143C /* EpisodeCellModel.swift in Sources */,
				5635653B262D4C160048B546 /* Container+BaseViewControllerResolving.swift in Sources */,
				5635653C262D4C160048B546 /* ApplicationAssembley.swift in Sources */,
				5635653E262D4C160048B546 /* ModuleFactory.swift in Sources */,
				5635659A262D65620048B546 /* ConfigurableRow.swift in Sources */,
				56356586262D61730048B546 /* APIConfiguration.swift in Sources */,
				D6A527D133EEAFC669CBACD6 /* ApplicationCoordinator.swift in Sources */,
				CE3EDCA82637034500D3B289 /* CharacterDetailsCollectionViewDataSource.swift in Sources */,
				E9BBD057C3A7AF2D5D0563A8 /* ApplicationCoordinatorAssembly.swift in Sources */,
				5635654F262D54F90048B546 /* UIViewController+StoryboardInitable.swift in Sources */,
				5635658B262D61CA0048B546 /* Constants.swift in Sources */,
				5635654E262D54F90048B546 /* NSObject+className.swift in Sources */,
				56DBE3822632BED400449E4E /* HeadCharacterDetailsModel.swift in Sources */,
				9AA75732CDDC377CD19E86EF /* CharacterListCoordinatorCoordinator.swift in Sources */,
				DDE466BB2C0CAF8B5749248B /* CharacterListCoordinatorAssembly.swift in Sources */,
				3DEF61B39B9E1C2CFE087568 /* CharacterListViewController.swift in Sources */,
				56EB018A26393AB100F0143C /* EpisodeListAPIClient.swift in Sources */,
				56DBE38F2632C26D00449E4E /* CharacterDetailsEndpoint.swift in Sources */,
				5805B636801F95CFD5A4F173 /* CharacterListViewModel.swift in Sources */,
				5CF0CF6F149BFBDF5D65033B /* CharacterListView.swift in Sources */,
				56356573262D5EB30048B546 /* Character.swift in Sources */,
				56356578262D60590048B546 /* CharacterEndpoint.swift in Sources */,
				56EB0179263927C500F0143C /* EpisodeListTableViewDataSource.swift in Sources */,
				56DBE39B2632C69F00449E4E /* Episodes.swift in Sources */,
				563565A2262D6A490048B546 /* CharacteCellModel.swift in Sources */,
				56DBE3A42632CA0600449E4E /* HeadCollectionViewCell.swift in Sources */,
				56DBE3852632BEF100449E4E /* LocationCharacterDetailsModel.swift in Sources */,
				CE3EDCD126385CA700D3B289 /* SectionDetailsModels.swift in Sources */,
				563D6FE626380B6F004DC32C /* String+getCharacterIdFromUrl.swift in Sources */,
				2DA7415C7CC74ACB4A8B7BAA /* CharacterListModuleAssembly.swift in Sources */,
				56DBE3932632C27B00449E4E /* CharacterDeatilsAPIClient.swift in Sources */,
				563D6FE2263809DD004DC32C /* Location.swift in Sources */,
				563565AC262D81370048B546 /* CharacterSectionModel.swift in Sources */,
				56DBE3B02632CBFC00449E4E /* LocationCollectionViewCell.swift in Sources */,
				472F208D890CB8E768EC55B3 /* CharacterDetailsViewController.swift in Sources */,
				43205CB98EA71C2B061E6713 /* CharacterDetailsViewModel.swift in Sources */,
				5CF32522E89C79AF00829D22 /* CharacterDetailsView.swift in Sources */,
				56DBE38B2632C0A100449E4E /* CharacterDetailsSections.swift in Sources */,
				81EF6F718A350E28C3C01D19 /* CharacterDetailsModuleAssembly.swift in Sources */,
				82AAF9BB043A893D2F685A26 /* EpisodeListViewController.swift in Sources */,
				BECBD4CFCA8E4F6EF9D743E4 /* EpisodeListViewModel.swift in Sources */,
				0F5C596EF4586000E6824C8D /* EpisodeListView.swift in Sources */,
				D28865F3D7F97A7D97FFB65C /* EpisodeListModuleAssembly.swift in Sources */,
			);
			runOnlyForDeploymentPostprocessing = 0;
		};
/* End PBXSourcesBuildPhase section */

/* Begin PBXVariantGroup section */
		563564E5262D45770048B546 /* LaunchScreen.storyboard */ = {
			isa = PBXVariantGroup;
			children = (
				563564E6262D45770048B546 /* Base */,
			);
			name = LaunchScreen.storyboard;
			sourceTree = "<group>";
		};
/* End PBXVariantGroup section */

/* Begin XCBuildConfiguration section */
		563564FF262D45770048B546 /* Debug */ = {
			isa = XCBuildConfiguration;
			buildSettings = {
				ALWAYS_SEARCH_USER_PATHS = NO;
				CLANG_ANALYZER_NONNULL = YES;
				CLANG_ANALYZER_NUMBER_OBJECT_CONVERSION = YES_AGGRESSIVE;
				CLANG_CXX_LANGUAGE_STANDARD = "gnu++14";
				CLANG_CXX_LIBRARY = "libc++";
				CLANG_ENABLE_MODULES = YES;
				CLANG_ENABLE_OBJC_ARC = YES;
				CLANG_ENABLE_OBJC_WEAK = YES;
				CLANG_WARN_BLOCK_CAPTURE_AUTORELEASING = YES;
				CLANG_WARN_BOOL_CONVERSION = YES;
				CLANG_WARN_COMMA = YES;
				CLANG_WARN_CONSTANT_CONVERSION = YES;
				CLANG_WARN_DEPRECATED_OBJC_IMPLEMENTATIONS = YES;
				CLANG_WARN_DIRECT_OBJC_ISA_USAGE = YES_ERROR;
				CLANG_WARN_DOCUMENTATION_COMMENTS = YES;
				CLANG_WARN_EMPTY_BODY = YES;
				CLANG_WARN_ENUM_CONVERSION = YES;
				CLANG_WARN_INFINITE_RECURSION = YES;
				CLANG_WARN_INT_CONVERSION = YES;
				CLANG_WARN_NON_LITERAL_NULL_CONVERSION = YES;
				CLANG_WARN_OBJC_IMPLICIT_RETAIN_SELF = YES;
				CLANG_WARN_OBJC_LITERAL_CONVERSION = YES;
				CLANG_WARN_OBJC_ROOT_CLASS = YES_ERROR;
				CLANG_WARN_QUOTED_INCLUDE_IN_FRAMEWORK_HEADER = YES;
				CLANG_WARN_RANGE_LOOP_ANALYSIS = YES;
				CLANG_WARN_STRICT_PROTOTYPES = YES;
				CLANG_WARN_SUSPICIOUS_MOVE = YES;
				CLANG_WARN_UNGUARDED_AVAILABILITY = YES_AGGRESSIVE;
				CLANG_WARN_UNREACHABLE_CODE = YES;
				CLANG_WARN__DUPLICATE_METHOD_MATCH = YES;
				COPY_PHASE_STRIP = NO;
				DEBUG_INFORMATION_FORMAT = dwarf;
				ENABLE_STRICT_OBJC_MSGSEND = YES;
				ENABLE_TESTABILITY = YES;
				GCC_C_LANGUAGE_STANDARD = gnu11;
				GCC_DYNAMIC_NO_PIC = NO;
				GCC_NO_COMMON_BLOCKS = YES;
				GCC_OPTIMIZATION_LEVEL = 0;
				GCC_PREPROCESSOR_DEFINITIONS = (
					"DEBUG=1",
					"$(inherited)",
				);
				GCC_WARN_64_TO_32_BIT_CONVERSION = YES;
				GCC_WARN_ABOUT_RETURN_TYPE = YES_ERROR;
				GCC_WARN_UNDECLARED_SELECTOR = YES;
				GCC_WARN_UNINITIALIZED_AUTOS = YES_AGGRESSIVE;
				GCC_WARN_UNUSED_FUNCTION = YES;
				GCC_WARN_UNUSED_VARIABLE = YES;
				IPHONEOS_DEPLOYMENT_TARGET = 14.4;
				MTL_ENABLE_DEBUG_INFO = INCLUDE_SOURCE;
				MTL_FAST_MATH = YES;
				ONLY_ACTIVE_ARCH = YES;
				SDKROOT = iphoneos;
				SWIFT_ACTIVE_COMPILATION_CONDITIONS = DEBUG;
				SWIFT_OPTIMIZATION_LEVEL = "-Onone";
			};
			name = Debug;
		};
		56356500262D45770048B546 /* Release */ = {
			isa = XCBuildConfiguration;
			buildSettings = {
				ALWAYS_SEARCH_USER_PATHS = NO;
				CLANG_ANALYZER_NONNULL = YES;
				CLANG_ANALYZER_NUMBER_OBJECT_CONVERSION = YES_AGGRESSIVE;
				CLANG_CXX_LANGUAGE_STANDARD = "gnu++14";
				CLANG_CXX_LIBRARY = "libc++";
				CLANG_ENABLE_MODULES = YES;
				CLANG_ENABLE_OBJC_ARC = YES;
				CLANG_ENABLE_OBJC_WEAK = YES;
				CLANG_WARN_BLOCK_CAPTURE_AUTORELEASING = YES;
				CLANG_WARN_BOOL_CONVERSION = YES;
				CLANG_WARN_COMMA = YES;
				CLANG_WARN_CONSTANT_CONVERSION = YES;
				CLANG_WARN_DEPRECATED_OBJC_IMPLEMENTATIONS = YES;
				CLANG_WARN_DIRECT_OBJC_ISA_USAGE = YES_ERROR;
				CLANG_WARN_DOCUMENTATION_COMMENTS = YES;
				CLANG_WARN_EMPTY_BODY = YES;
				CLANG_WARN_ENUM_CONVERSION = YES;
				CLANG_WARN_INFINITE_RECURSION = YES;
				CLANG_WARN_INT_CONVERSION = YES;
				CLANG_WARN_NON_LITERAL_NULL_CONVERSION = YES;
				CLANG_WARN_OBJC_IMPLICIT_RETAIN_SELF = YES;
				CLANG_WARN_OBJC_LITERAL_CONVERSION = YES;
				CLANG_WARN_OBJC_ROOT_CLASS = YES_ERROR;
				CLANG_WARN_QUOTED_INCLUDE_IN_FRAMEWORK_HEADER = YES;
				CLANG_WARN_RANGE_LOOP_ANALYSIS = YES;
				CLANG_WARN_STRICT_PROTOTYPES = YES;
				CLANG_WARN_SUSPICIOUS_MOVE = YES;
				CLANG_WARN_UNGUARDED_AVAILABILITY = YES_AGGRESSIVE;
				CLANG_WARN_UNREACHABLE_CODE = YES;
				CLANG_WARN__DUPLICATE_METHOD_MATCH = YES;
				COPY_PHASE_STRIP = NO;
				DEBUG_INFORMATION_FORMAT = "dwarf-with-dsym";
				ENABLE_NS_ASSERTIONS = NO;
				ENABLE_STRICT_OBJC_MSGSEND = YES;
				GCC_C_LANGUAGE_STANDARD = gnu11;
				GCC_NO_COMMON_BLOCKS = YES;
				GCC_WARN_64_TO_32_BIT_CONVERSION = YES;
				GCC_WARN_ABOUT_RETURN_TYPE = YES_ERROR;
				GCC_WARN_UNDECLARED_SELECTOR = YES;
				GCC_WARN_UNINITIALIZED_AUTOS = YES_AGGRESSIVE;
				GCC_WARN_UNUSED_FUNCTION = YES;
				GCC_WARN_UNUSED_VARIABLE = YES;
				IPHONEOS_DEPLOYMENT_TARGET = 14.4;
				MTL_ENABLE_DEBUG_INFO = NO;
				MTL_FAST_MATH = YES;
				SDKROOT = iphoneos;
				SWIFT_COMPILATION_MODE = wholemodule;
				SWIFT_OPTIMIZATION_LEVEL = "-O";
				VALIDATE_PRODUCT = YES;
			};
			name = Release;
		};
		56356502262D45770048B546 /* Debug */ = {
			isa = XCBuildConfiguration;
			buildSettings = {
				ASSETCATALOG_COMPILER_APPICON_NAME = AppIcon;
				ASSETCATALOG_COMPILER_GLOBAL_ACCENT_COLOR_NAME = AccentColor;
				CODE_SIGN_STYLE = Automatic;
				DEVELOPMENT_TEAM = S6N2HZXD9X;
				INFOPLIST_FILE = RM/Service/Info.plist;
				LD_RUNPATH_SEARCH_PATHS = (
					"$(inherited)",
					"@executable_path/Frameworks",
				);
				PRODUCT_BUNDLE_IDENTIFIER = HH.RM;
				PRODUCT_NAME = "$(TARGET_NAME)";
				SWIFT_VERSION = 5.0;
				TARGETED_DEVICE_FAMILY = 1;
			};
			name = Debug;
		};
		56356503262D45770048B546 /* Release */ = {
			isa = XCBuildConfiguration;
			buildSettings = {
				ASSETCATALOG_COMPILER_APPICON_NAME = AppIcon;
				ASSETCATALOG_COMPILER_GLOBAL_ACCENT_COLOR_NAME = AccentColor;
				CODE_SIGN_STYLE = Automatic;
				DEVELOPMENT_TEAM = S6N2HZXD9X;
				INFOPLIST_FILE = RM/Service/Info.plist;
				LD_RUNPATH_SEARCH_PATHS = (
					"$(inherited)",
					"@executable_path/Frameworks",
				);
				PRODUCT_BUNDLE_IDENTIFIER = HH.RM;
				PRODUCT_NAME = "$(TARGET_NAME)";
				SWIFT_VERSION = 5.0;
				TARGETED_DEVICE_FAMILY = 1;
			};
			name = Release;
		};
/* End XCBuildConfiguration section */

/* Begin XCConfigurationList section */
		563564D2262D45760048B546 /* Build configuration list for PBXProject "RM" */ = {
			isa = XCConfigurationList;
			buildConfigurations = (
				563564FF262D45770048B546 /* Debug */,
				56356500262D45770048B546 /* Release */,
			);
			defaultConfigurationIsVisible = 0;
			defaultConfigurationName = Release;
		};
		56356501262D45770048B546 /* Build configuration list for PBXNativeTarget "RM" */ = {
			isa = XCConfigurationList;
			buildConfigurations = (
				56356502262D45770048B546 /* Debug */,
				56356503262D45770048B546 /* Release */,
			);
			defaultConfigurationIsVisible = 0;
			defaultConfigurationName = Release;
		};
/* End XCConfigurationList section */

/* Begin XCRemoteSwiftPackageReference section */
		56356510262D463B0048B546 /* XCRemoteSwiftPackageReference "Alamofire" */ = {
			isa = XCRemoteSwiftPackageReference;
			repositoryURL = "https://github.com/Alamofire/Alamofire";
			requirement = {
				kind = upToNextMajorVersion;
				minimumVersion = 5.4.2;
			};
		};
		56356516262D46950048B546 /* XCRemoteSwiftPackageReference "Kingfisher" */ = {
			isa = XCRemoteSwiftPackageReference;
			repositoryURL = "https://github.com/onevcat/Kingfisher";
			requirement = {
				kind = upToNextMajorVersion;
				minimumVersion = 6.2.1;
			};
		};
		5635651C262D46B10048B546 /* XCRemoteSwiftPackageReference "Swinject" */ = {
			isa = XCRemoteSwiftPackageReference;
			repositoryURL = "https://github.com/Swinject/Swinject";
			requirement = {
				kind = upToNextMajorVersion;
				minimumVersion = 2.7.1;
			};
		};
/* End XCRemoteSwiftPackageReference section */

/* Begin XCSwiftPackageProductDependency section */
		56356511262D463B0048B546 /* Alamofire */ = {
			isa = XCSwiftPackageProductDependency;
			package = 56356510262D463B0048B546 /* XCRemoteSwiftPackageReference "Alamofire" */;
			productName = Alamofire;
		};
		56356517262D46950048B546 /* Kingfisher */ = {
			isa = XCSwiftPackageProductDependency;
			package = 56356516262D46950048B546 /* XCRemoteSwiftPackageReference "Kingfisher" */;
			productName = Kingfisher;
		};
		5635651D262D46B10048B546 /* Swinject */ = {
			isa = XCSwiftPackageProductDependency;
			package = 5635651C262D46B10048B546 /* XCRemoteSwiftPackageReference "Swinject" */;
			productName = Swinject;
		};
/* End XCSwiftPackageProductDependency section */
	};
	rootObject = 563564CF262D45760048B546 /* Project object */;
}
